
Microsoft Visual Studio Solution File, Format Version 12.00
# Visual Studio Version 17
VisualStudioVersion = 17.4.33213.308
MinimumVisualStudioVersion = 10.0.40219.1
Project("{FAE04EC0-301F-11D3-BF4B-00C04F79EFBC}") = "Bakhrabad Gas", "Bakhrabad Gas\Bakhrabad Gas.csproj", "{2C8E7AC4-B652-42ED-869D-1366C05D520D}"
EndProject
Global
	GlobalSection(SolutionConfigurationPlatforms) = preSolution
		Debug|Any CPU = Debug|Any CPU
		Release|Any CPU = Release|Any CPU
	EndGlobalSection
	GlobalSection(ProjectConfigurationPlatforms) = postSolution
		{2C8E7AC4-B652-42ED-869D-1366C05D520D}.Debug|Any CPU.ActiveCfg = Debug|Any CPU
		{2C8E7AC4-B652-42ED-869D-1366C05D520D}.Debug|Any CPU.Build.0 = Debug|Any CPU
		{2C8E7AC4-B652-42ED-869D-1366C05D520D}.Release|Any CPU.ActiveCfg = Release|Any CPU
		{2C8E7AC4-B652-42ED-869D-1366C05D520D}.Release|Any CPU.Build.0 = Release|Any CPU
	EndGlobalSection
	GlobalSection(SolutionProperties) = preSolution
		HideSolutionNode = FALSE
	EndGlobalSection
	GlobalSection(ExtensibilityGlobals) = postSolution
		SolutionGuid = {6533D138-FC7C-4115-9FBB-A1317DE3A8AB}
	EndGlobalSection
EndGlobal
